<?xml version="1.0" encoding="utf-8"?>
<Project ToolsVersion="4.0" xmlns="http://schemas.microsoft.com/developer/msbuild/2003">
  <ItemGroup>
    <Filter Include="Source Files">
      <UniqueIdentifier>{4FC737F1-C7A5-4376-A066-2A32D752A2FF}</UniqueIdentifier>
      <Extensions>cpp;c;cc;cxx;c++;cppm;ixx;def;odl;idl;hpj;bat;asm;asmx</Extensions>
    </Filter>
    <Filter Include="Header Files">
      <UniqueIdentifier>{93995380-89BD-4b04-88EB-625FBE52EBFB}</UniqueIdentifier>
      <Extensions>h;hh;hpp;hxx;h++;hm;inl;inc;ipp;xsd</Extensions>
    </Filter>
    <Filter Include="Resource Files">
      <UniqueIdentifier>{67DA6AB6-F800-4c08-8B7A-83BB121AAD01}</UniqueIdentifier>
      <Extensions>rc;ico;cur;bmp;dlg;rc2;rct;bin;rgs;gif;jpg;jpeg;jpe;resx;tiff;tif;png;wav;mfcribbon-ms</Extensions>
    </Filter>
  </ItemGroup>
  <ItemGroup>
    <ClCompile Include="external\glad.c">
      <Filter>Source Files</Filter>
    </ClCompile>
    <ClCompile Include="main.cpp">
      <Filter>Source Files</Filter>
    </ClCompile>
    <ClCompile Include="file-io\DiskReader.cpp">
      <Filter>Source Files</Filter>
    </ClCompile>
    <ClCompile Include="renderer\shader\ShaderProgram.cpp">
      <Filter>Source Files</Filter>
    </ClCompile>
    <ClCompile Include="renderer\buffers\VertexBuffer.cpp">
      <Filter>Source Files</Filter>
    </ClCompile>
    <ClCompile Include="renderer\buffers\IndexBuffer.cpp">
      <Filter>Source Files</Filter>
    </ClCompile>
    <ClCompile Include="renderer\buffers\VertexArray.cpp">
      <Filter>Source Files</Filter>
    </ClCompile>
    <ClCompile Include="renderer\Window.cpp">
      <Filter>Source Files</Filter>
    </ClCompile>
    <ClCompile Include="entity-component\EntityManager.cpp">
      <Filter>Source Files</Filter>
    </ClCompile>
    <ClCompile Include="entity-component\Entity.cpp">
      <Filter>Source Files</Filter>
    </ClCompile>
    <ClCompile Include="entity-component\Component.cpp">
      <Filter>Source Files</Filter>
    </ClCompile>
    <ClCompile Include="components\Sprite2D.cpp">
      <Filter>Source Files</Filter>
    </ClCompile>
    <ClCompile Include="Interactive.cpp">
      <Filter>Source Files</Filter>
    </ClCompile>
    <ClCompile Include="components\Camera.cpp">
      <Filter>Source Files</Filter>
    </ClCompile>
    <ClCompile Include="input\InputManager.cpp">
      <Filter>Source Files</Filter>
    </ClCompile>
    <ClCompile Include="TestComponent.cpp">
      <Filter>Source Files</Filter>
    </ClCompile>
    <ClCompile Include="renderer\texture\Texture.cpp">
      <Filter>Source Files</Filter>
    </ClCompile>
    <ClCompile Include="renderer\texture\TextureManager.cpp">
      <Filter>Source Files</Filter>
    </ClCompile>
    <ClCompile Include="InteractiveObject.cpp">
      <Filter>Source Files</Filter>
    </ClCompile>
    <ClCompile Include="GarbageCollector.cpp">
      <Filter>Source Files</Filter>
    </ClCompile>
    <ClCompile Include="components\Transform.cpp">
      <Filter>Source Files</Filter>
    </ClCompile>
    <ClCompile Include="external\imgui\imgui.cpp">
      <Filter>Source Files</Filter>
    </ClCompile>
    <ClCompile Include="external\imgui\imgui_demo.cpp">
      <Filter>Source Files</Filter>
    </ClCompile>
    <ClCompile Include="external\imgui\imgui_draw.cpp">
      <Filter>Source Files</Filter>
    </ClCompile>
    <ClCompile Include="external\imgui\imgui_tables.cpp">
      <Filter>Source Files</Filter>
    </ClCompile>
    <ClCompile Include="external\imgui\imgui_widgets.cpp">
      <Filter>Source Files</Filter>
    </ClCompile>
    <ClCompile Include="external\imgui\imgui_impl_glfw.cpp">
      <Filter>Source Files</Filter>
    </ClCompile>
    <ClCompile Include="external\imgui\imgui_impl_opengl3.cpp">
      <Filter>Source Files</Filter>
    </ClCompile>
    <ClCompile Include="TestComponent2.cpp">
      <Filter>Source Files</Filter>
    </ClCompile>
    <ClCompile Include="script-system\ComponentFactory.cpp">
      <Filter>Source Files</Filter>
    </ClCompile>
    <ClCompile Include="external\lua\src\lapi.c">
      <Filter>Source Files</Filter>
    </ClCompile>
    <ClCompile Include="external\lua\src\lauxlib.c">
      <Filter>Source Files</Filter>
    </ClCompile>
    <ClCompile Include="external\lua\src\lbaselib.c">
      <Filter>Source Files</Filter>
    </ClCompile>
    <ClCompile Include="external\lua\src\lcode.c">
      <Filter>Source Files</Filter>
    </ClCompile>
    <ClCompile Include="external\lua\src\lcorolib.c">
      <Filter>Source Files</Filter>
    </ClCompile>
    <ClCompile Include="external\lua\src\lctype.c">
      <Filter>Source Files</Filter>
    </ClCompile>
    <ClCompile Include="external\lua\src\ldblib.c">
      <Filter>Source Files</Filter>
    </ClCompile>
    <ClCompile Include="external\lua\src\ldebug.c">
      <Filter>Source Files</Filter>
    </ClCompile>
    <ClCompile Include="external\lua\src\ldo.c">
      <Filter>Source Files</Filter>
    </ClCompile>
    <ClCompile Include="external\lua\src\ldump.c">
      <Filter>Source Files</Filter>
    </ClCompile>
    <ClCompile Include="external\lua\src\lfunc.c">
      <Filter>Source Files</Filter>
    </ClCompile>
    <ClCompile Include="external\lua\src\lgc.c">
      <Filter>Source Files</Filter>
    </ClCompile>
    <ClCompile Include="external\lua\src\linit.c">
      <Filter>Source Files</Filter>
    </ClCompile>
    <ClCompile Include="external\lua\src\liolib.c">
      <Filter>Source Files</Filter>
    </ClCompile>
    <ClCompile Include="external\lua\src\llex.c">
      <Filter>Source Files</Filter>
    </ClCompile>
    <ClCompile Include="external\lua\src\lmathlib.c">
      <Filter>Source Files</Filter>
    </ClCompile>
    <ClCompile Include="external\lua\src\lmem.c">
      <Filter>Source Files</Filter>
    </ClCompile>
    <ClCompile Include="external\lua\src\loadlib.c">
      <Filter>Source Files</Filter>
    </ClCompile>
    <ClCompile Include="external\lua\src\lobject.c">
      <Filter>Source Files</Filter>
    </ClCompile>
    <ClCompile Include="external\lua\src\lopcodes.c">
      <Filter>Source Files</Filter>
    </ClCompile>
    <ClCompile Include="external\lua\src\loslib.c">
      <Filter>Source Files</Filter>
    </ClCompile>
    <ClCompile Include="external\lua\src\lparser.c">
      <Filter>Source Files</Filter>
    </ClCompile>
    <ClCompile Include="external\lua\src\lstate.c">
      <Filter>Source Files</Filter>
    </ClCompile>
    <ClCompile Include="external\lua\src\lstring.c">
      <Filter>Source Files</Filter>
    </ClCompile>
    <ClCompile Include="external\lua\src\lstrlib.c">
      <Filter>Source Files</Filter>
    </ClCompile>
    <ClCompile Include="external\lua\src\ltable.c">
      <Filter>Source Files</Filter>
    </ClCompile>
    <ClCompile Include="external\lua\src\ltablib.c">
      <Filter>Source Files</Filter>
    </ClCompile>
    <ClCompile Include="external\lua\src\ltm.c">
      <Filter>Source Files</Filter>
    </ClCompile>
    <ClCompile Include="external\lua\src\lundump.c">
      <Filter>Source Files</Filter>
    </ClCompile>
    <ClCompile Include="external\lua\src\lutf8lib.c">
      <Filter>Source Files</Filter>
    </ClCompile>
    <ClCompile Include="external\lua\src\lvm.c">
      <Filter>Source Files</Filter>
    </ClCompile>
    <ClCompile Include="external\lua\src\lzio.c">
      <Filter>Source Files</Filter>
    </ClCompile>
    <ClCompile Include="components\LuaComponent.cpp">
      <Filter>Source Files</Filter>
    </ClCompile>
    <ClCompile Include="script-system\ScriptEngine.cpp">
      <Filter>Source Files</Filter>
    </ClCompile>
    <ClCompile Include="asset-system\AssetDatabase.cpp">
      <Filter>Source Files</Filter>
    </ClCompile>
    <ClCompile Include="asset-system\AssetManager.cpp">
      <Filter>Source Files</Filter>
    </ClCompile>
  </ItemGroup>
  <ItemGroup>
    <ClInclude Include="file-io\DiskReader.h">
      <Filter>Header Files</Filter>
    </ClInclude>
    <ClInclude Include="renderer\shader\ShaderProgram.h">
      <Filter>Header Files</Filter>
    </ClInclude>
    <ClInclude Include="renderer\shader\ShaderTypes.h">
      <Filter>Header Files</Filter>
    </ClInclude>
    <ClInclude Include="renderer\buffers\VertexBuffer.h">
      <Filter>Header Files</Filter>
    </ClInclude>
    <ClInclude Include="renderer\buffers\IndexBuffer.h">
      <Filter>Header Files</Filter>
    </ClInclude>
    <ClInclude Include="renderer\buffers\VertexArray.h">
      <Filter>Header Files</Filter>
    </ClInclude>
    <ClInclude Include="renderer\Window.h">
      <Filter>Header Files</Filter>
    </ClInclude>
    <ClInclude Include="entity-component\EntityManager.h">
      <Filter>Header Files</Filter>
    </ClInclude>
    <ClInclude Include="entity-component\Entity.h">
      <Filter>Header Files</Filter>
    </ClInclude>
    <ClInclude Include="entity-component\Component.h">
      <Filter>Header Files</Filter>
    </ClInclude>
    <ClInclude Include="components\Sprite2D.h">
      <Filter>Header Files</Filter>
    </ClInclude>
    <ClInclude Include="Interactive.h">
      <Filter>Header Files</Filter>
    </ClInclude>
    <ClInclude Include="components\Camera.h">
      <Filter>Header Files</Filter>
    </ClInclude>
    <ClInclude Include="input\InputManager.h">
      <Filter>Header Files</Filter>
    </ClInclude>
    <ClInclude Include="input\Keys.h">
      <Filter>Header Files</Filter>
    </ClInclude>
    <ClInclude Include="input\KeyActions.h">
      <Filter>Header Files</Filter>
    </ClInclude>
    <ClInclude Include="includes\RendererIncludes.h">
      <Filter>Header Files</Filter>
    </ClInclude>
    <ClInclude Include="includes\InputIncludes.h">
      <Filter>Header Files</Filter>
    </ClInclude>
    <ClInclude Include="includes\CoreIncludes.h">
      <Filter>Header Files</Filter>
    </ClInclude>
    <ClInclude Include="includes\EcIncludes.h">
      <Filter>Header Files</Filter>
    </ClInclude>
    <ClInclude Include="TestComponent.h">
      <Filter>Header Files</Filter>
    </ClInclude>
    <ClInclude Include="renderer\texture\Texture.h">
      <Filter>Header Files</Filter>
    </ClInclude>
    <ClInclude Include="renderer\texture\TextureManager.h">
      <Filter>Header Files</Filter>
    </ClInclude>
    <ClInclude Include="includes\TextureIncludes.h">
      <Filter>Header Files</Filter>
    </ClInclude>
    <ClInclude Include="includes\Components.h">
      <Filter>Header Files</Filter>
    </ClInclude>
    <ClInclude Include="InteractiveObject.h">
      <Filter>Header Files</Filter>
    </ClInclude>
    <ClInclude Include="GarbageCollector.h">
      <Filter>Header Files</Filter>
    </ClInclude>
    <ClInclude Include="components\Transform.h">
      <Filter>Header Files</Filter>
    </ClInclude>
    <ClInclude Include="external\imgui\imconfig.h">
      <Filter>Header Files</Filter>
    </ClInclude>
    <ClInclude Include="external\imgui\imgui.h">
      <Filter>Header Files</Filter>
    </ClInclude>
    <ClInclude Include="external\imgui\imgui_internal.h">
      <Filter>Header Files</Filter>
    </ClInclude>
    <ClInclude Include="external\imgui\imgui_impl_glfw.h">
      <Filter>Header Files</Filter>
    </ClInclude>
    <ClInclude Include="external\imgui\imgui_impl_opengl3.h">
      <Filter>Header Files</Filter>
    </ClInclude>
    <ClInclude Include="external\imgui\imstb_rectpack.h">
      <Filter>Header Files</Filter>
    </ClInclude>
    <ClInclude Include="external\imgui\imstb_textedit.h">
      <Filter>Header Files</Filter>
    </ClInclude>
    <ClInclude Include="external\imgui\imstb_truetype.h">
      <Filter>Header Files</Filter>
    </ClInclude>
    <ClInclude Include="TestComponent2.h">
      <Filter>Header Files</Filter>
    </ClInclude>
    <ClInclude Include="script-system\ComponentFactory.h">
      <Filter>Header Files</Filter>
    </ClInclude>
    <ClInclude Include="external\lua\src\lapi.h">
      <Filter>Header Files</Filter>
    </ClInclude>
    <ClInclude Include="external\lua\src\lauxlib.h">
      <Filter>Header Files</Filter>
    </ClInclude>
    <ClInclude Include="external\lua\src\lcode.h">
      <Filter>Header Files</Filter>
    </ClInclude>
    <ClInclude Include="external\lua\src\lctype.h">
      <Filter>Header Files</Filter>
    </ClInclude>
    <ClInclude Include="external\lua\src\ldebug.h">
      <Filter>Header Files</Filter>
    </ClInclude>
    <ClInclude Include="external\lua\src\ldo.h">
      <Filter>Header Files</Filter>
    </ClInclude>
    <ClInclude Include="external\lua\src\lfunc.h">
      <Filter>Header Files</Filter>
    </ClInclude>
    <ClInclude Include="external\lua\src\lgc.h">
      <Filter>Header Files</Filter>
    </ClInclude>
    <ClInclude Include="external\lua\src\ljumptab.h">
      <Filter>Header Files</Filter>
    </ClInclude>
    <ClInclude Include="external\lua\src\llex.h">
      <Filter>Header Files</Filter>
    </ClInclude>
    <ClInclude Include="external\lua\src\llimits.h">
      <Filter>Header Files</Filter>
    </ClInclude>
    <ClInclude Include="external\lua\src\lmem.h">
      <Filter>Header Files</Filter>
    </ClInclude>
    <ClInclude Include="external\lua\src\lobject.h">
      <Filter>Header Files</Filter>
    </ClInclude>
    <ClInclude Include="external\lua\src\lopcodes.h">
      <Filter>Header Files</Filter>
    </ClInclude>
    <ClInclude Include="external\lua\src\lopnames.h">
      <Filter>Header Files</Filter>
    </ClInclude>
    <ClInclude Include="external\lua\src\lparser.h">
      <Filter>Header Files</Filter>
    </ClInclude>
    <ClInclude Include="external\lua\src\lprefix.h">
      <Filter>Header Files</Filter>
    </ClInclude>
    <ClInclude Include="external\lua\src\lstate.h">
      <Filter>Header Files</Filter>
    </ClInclude>
    <ClInclude Include="external\lua\src\lstring.h">
      <Filter>Header Files</Filter>
    </ClInclude>
    <ClInclude Include="external\lua\src\ltable.h">
      <Filter>Header Files</Filter>
    </ClInclude>
    <ClInclude Include="external\lua\src\ltm.h">
      <Filter>Header Files</Filter>
    </ClInclude>
    <ClInclude Include="external\lua\src\lua.h">
      <Filter>Header Files</Filter>
    </ClInclude>
    <ClInclude Include="external\lua\src\lua.hpp">
      <Filter>Header Files</Filter>
    </ClInclude>
    <ClInclude Include="external\lua\src\luaconf.h">
      <Filter>Header Files</Filter>
    </ClInclude>
    <ClInclude Include="external\lua\src\lualib.h">
      <Filter>Header Files</Filter>
    </ClInclude>
    <ClInclude Include="external\lua\src\lundump.h">
      <Filter>Header Files</Filter>
    </ClInclude>
    <ClInclude Include="external\lua\src\lvm.h">
      <Filter>Header Files</Filter>
    </ClInclude>
    <ClInclude Include="external\lua\src\lzio.h">
      <Filter>Header Files</Filter>
    </ClInclude>
    <ClInclude Include="components\LuaComponent.h">
      <Filter>Header Files</Filter>
    </ClInclude>
    <ClInclude Include="script-system\ScriptEngine.h">
      <Filter>Header Files</Filter>
    </ClInclude>
    <ClInclude Include="asset-system\AssetDatabase.h">
      <Filter>Header Files</Filter>
    </ClInclude>
    <ClInclude Include="asset-system\AssetManager.h">
      <Filter>Header Files</Filter>
    </ClInclude>
    <ClInclude Include="script-system\LuaKeyMap.h">
      <Filter>Header Files</Filter>
    </ClInclude>
  </ItemGroup>
  <ItemGroup>
    <None Include="shaders\shader.vert" />
    <None Include="shaders\textureShader.frag" />
    <None Include="shaders\basicShader.frag" />
    <None Include="assets\entities\test.entity" />
    <None Include="assets\scripts\testComponent.lua" />
  </ItemGroup>
</Project>